[[package]]
name = "bmp"
version = "0.3.0"
source = "registry+https://github.com/rust-lang/crates.io-index"
dependencies = [
 "byteorder 1.2.1 (registry+https://github.com/rust-lang/crates.io-index)",
]

[[package]]
name = "byteorder"
version = "1.2.1"
source = "registry+https://github.com/rust-lang/crates.io-index"

[[package]]
name = "nes-rust"
version = "0.1.0"
dependencies = [
 "bmp 0.3.0 (registry+https://github.com/rust-lang/crates.io-index)",
]

[metadata]
"checksum bmp 0.3.0 (registry+https://github.com/rust-lang/crates.io-index)" = "d7f9017cd3f58b692bb48d77bcc856001bc3692a1f381796836727346eec19f2"
"checksum byteorder 1.2.1 (registry+https://github.com/rust-lang/crates.io-index)" = "652805b7e73fada9d85e9a6682a4abd490cb52d96aeecc12e33a0de34dfd0d23"
